<?xml version="1.0" encoding="utf-8"?>
<Project ToolsVersion="4.0" xmlns="http://schemas.microsoft.com/developer/msbuild/2003">
  <ItemGroup>
    <Filter Include="Source Files">
      <UniqueIdentifier>{4FC737F1-C7A5-4376-A066-2A32D752A2FF}</UniqueIdentifier>
      <Extensions>cpp;c;cc;cxx;c++;cppm;ixx;def;odl;idl;hpj;bat;asm;asmx</Extensions>
    </Filter>
    <Filter Include="Header Files">
      <UniqueIdentifier>{93995380-89BD-4b04-88EB-625FBE52EBFB}</UniqueIdentifier>
      <Extensions>h;hh;hpp;hxx;h++;hm;inl;inc;ipp;xsd</Extensions>
    </Filter>
    <Filter Include="Resource Files">
      <UniqueIdentifier>{67DA6AB6-F800-4c08-8B7A-83BB121AAD01}</UniqueIdentifier>
      <Extensions>rc;ico;cur;bmp;dlg;rc2;rct;bin;rgs;gif;jpg;jpeg;jpe;resx;tiff;tif;png;wav;mfcribbon-ms</Extensions>
    </Filter>
  </ItemGroup>
  <ItemGroup>
    <ClInclude Include="src\AllReachablePaths98.h">
      <Filter>Header Files</Filter>
    </ClInclude>
    <ClInclude Include="src\797AllPossiblePaths.h">
      <Filter>Header Files</Filter>
    </ClInclude>
    <ClInclude Include="src\IslandProblem1NumberOfIslandsDFS99.h">
      <Filter>Header Files</Filter>
    </ClInclude>
    <ClInclude Include="src\IslandProblem2NumberOfIslandsBFS99.h">
      <Filter>Header Files</Filter>
    </ClInclude>
    <ClInclude Include="src\IslandProblem3MaximumAreaOfIslands100.h">
      <Filter>Header Files</Filter>
    </ClInclude>
    <ClInclude Include="src\IslandProblem4TotalAreaOfTheIsolatedIslands101.h">
      <Filter>Header Files</Filter>
    </ClInclude>
    <ClInclude Include="src\IslandProblem5SinkTheIsolatedIslands102.h">
      <Filter>Header Files</Filter>
    </ClInclude>
    <ClInclude Include="src\IslandProblem6WaterFlows103.h">
      <Filter>Header Files</Filter>
    </ClInclude>
    <ClInclude Include="src\IslandProblem7BuildTheLargestIsland104.h">
      <Filter>Header Files</Filter>
    </ClInclude>
    <ClInclude Include="src\IslandProblem8PerimeterOfTheIsland106.h">
      <Filter>Header Files</Filter>
    </ClInclude>
    <ClInclude Include="src\StringSolitaire110.h">
      <Filter>Header Files</Filter>
    </ClInclude>
    <ClInclude Include="src\CompleteReachabilityOfDirectedGraph105.h">
      <Filter>Header Files</Filter>
    </ClInclude>
    <ClInclude Include="src\FindExistedPath107.h">
      <Filter>Header Files</Filter>
    </ClInclude>
    <ClInclude Include="src\RedundantConnection108.h">
      <Filter>Header Files</Filter>
    </ClInclude>
    <ClInclude Include="src\RedundantConnection109.h">
      <Filter>Header Files</Filter>
    </ClInclude>
    <ClInclude Include="src\PrimAlgorithmForMinimumSpanningTree53.h">
      <Filter>Header Files</Filter>
    </ClInclude>
    <ClInclude Include="src\KruskalAlgorithmForMinimumSpanningTree53.h">
      <Filter>Header Files</Filter>
    </ClInclude>
    <ClInclude Include="src\TopologicalSort117.h">
      <Filter>Header Files</Filter>
    </ClInclude>
    <ClInclude Include="src\DijkstraAlgorithmNaiveEdition47.h">
      <Filter>Header Files</Filter>
    </ClInclude>
    <ClInclude Include="src\DijkstraAlgorithmhHeapOptimizationEdition47.h">
      <Filter>Header Files</Filter>
    </ClInclude>
    <ClInclude Include="src\Bellman&amp;FordAlgorithm94.h">
      <Filter>Header Files</Filter>
    </ClInclude>
    <ClInclude Include="src\Bellman&amp;FordAlgorithmForTestingNegativeWeightCircle95.h">
      <Filter>Header Files</Filter>
    </ClInclude>
    <ClInclude Include="src\Bellman&amp;FordAlgorithmNaiveEdition94.h">
      <Filter>Header Files</Filter>
    </ClInclude>
    <ClInclude Include="src\Bellman&amp;FordAlgorithmQueueImprovedEdition94.h">
      <Filter>Header Files</Filter>
    </ClInclude>
    <ClInclude Include="src\Bellman&amp;FordAlgorithmForSingleSourceLimitedShortestPath96.h">
      <Filter>Header Files</Filter>
    </ClInclude>
    <ClInclude Include="src\FloydAlgorithm97.h">
      <Filter>Header Files</Filter>
    </ClInclude>
    <ClInclude Include="src\AStarAlgorithm126.h">
      <Filter>Header Files</Filter>
    </ClInclude>
  </ItemGroup>
  <ItemGroup>
    <ClCompile Include="src\Main.cpp">
      <Filter>Source Files</Filter>
    </ClCompile>
  </ItemGroup>
</Project>