<?xml version="1.0" encoding="utf-8"?>
<Project ToolsVersion="4.0" xmlns="http://schemas.microsoft.com/developer/msbuild/2003">
  <ItemGroup>
    <Filter Include="Source Files">
      <UniqueIdentifier>{4FC737F1-C7A5-4376-A066-2A32D752A2FF}</UniqueIdentifier>
      <Extensions>cpp;c;cc;cxx;c++;cppm;ixx;def;odl;idl;hpj;bat;asm;asmx</Extensions>
    </Filter>
    <Filter Include="Header Files">
      <UniqueIdentifier>{93995380-89BD-4b04-88EB-625FBE52EBFB}</UniqueIdentifier>
      <Extensions>h;hh;hpp;hxx;h++;hm;inl;inc;ipp;xsd</Extensions>
    </Filter>
    <Filter Include="Resource Files">
      <UniqueIdentifier>{67DA6AB6-F800-4c08-8B7A-83BB121AAD01}</UniqueIdentifier>
      <Extensions>rc;ico;cur;bmp;dlg;rc2;rct;bin;rgs;gif;jpg;jpeg;jpe;resx;tiff;tif;png;wav;mfcribbon-ms</Extensions>
    </Filter>
  </ItemGroup>
  <ItemGroup>
    <ClInclude Include="src\509Fibonacci.h">
      <Filter>Header Files</Filter>
    </ClInclude>
    <ClInclude Include="src\70ClimbStairs.h">
      <Filter>Header Files</Filter>
    </ClInclude>
    <ClInclude Include="src\746ClimbStairsWithMinimumCost.h">
      <Filter>Header Files</Filter>
    </ClInclude>
    <ClInclude Include="src\62DifferentPaths.h">
      <Filter>Header Files</Filter>
    </ClInclude>
    <ClInclude Include="src\63DifferentPaths2.h">
      <Filter>Header Files</Filter>
    </ClInclude>
    <ClInclude Include="src\343PartitionInteger.h">
      <Filter>Header Files</Filter>
    </ClInclude>
    <ClInclude Include="src\96DifferentBST.h">
      <Filter>Header Files</Filter>
    </ClInclude>
    <ClInclude Include="src\CarryResearchMaterial46.h">
      <Filter>Header Files</Filter>
    </ClInclude>
    <ClInclude Include="src\416SegmentSubsetsWithEqualSummation.h">
      <Filter>Header Files</Filter>
    </ClInclude>
    <ClInclude Include="src\1049WeightOfTheLastStone2.h">
      <Filter>Header Files</Filter>
    </ClInclude>
    <ClInclude Include="src\494TargetSum.h">
      <Filter>Header Files</Filter>
    </ClInclude>
    <ClInclude Include="src\474OneAndZero.h">
      <Filter>Header Files</Filter>
    </ClInclude>
    <ClInclude Include="src\CarryResearchMaterial52.h">
      <Filter>Header Files</Filter>
    </ClInclude>
    <ClInclude Include="src\518ChangeExchange2.h">
      <Filter>Header Files</Filter>
    </ClInclude>
    <ClInclude Include="src\377SumOfCombination4.h">
      <Filter>Header Files</Filter>
    </ClInclude>
    <ClInclude Include="src\ClimbStairs70.h">
      <Filter>Header Files</Filter>
    </ClInclude>
    <ClInclude Include="src\322ChangeExchange.h">
      <Filter>Header Files</Filter>
    </ClInclude>
    <ClInclude Include="src\279PerfectSquare.h">
      <Filter>Header Files</Filter>
    </ClInclude>
    <ClInclude Include="src\139WordSplitting.h">
      <Filter>Header Files</Filter>
    </ClInclude>
    <ClInclude Include="src\CarryMineralResources56.h">
      <Filter>Header Files</Filter>
    </ClInclude>
    <ClInclude Include="src\198RaidHomesAndPlunderHouses.h">
      <Filter>Header Files</Filter>
    </ClInclude>
    <ClInclude Include="src\213RaidHomesAndPlnderHouses2.h">
      <Filter>Header Files</Filter>
    </ClInclude>
    <ClInclude Include="src\337RaidHomesAndPlunderHouses3.h">
      <Filter>Header Files</Filter>
    </ClInclude>
    <ClInclude Include="src\121BestTimeToBuyAndSellStocks.h">
      <Filter>Header Files</Filter>
    </ClInclude>
    <ClInclude Include="src\122BestTimeToBuyAndSellStocks2.h">
      <Filter>Header Files</Filter>
    </ClInclude>
    <ClInclude Include="src\123BestTimeToBuyAndSellStocks3.h">
      <Filter>Header Files</Filter>
    </ClInclude>
    <ClInclude Include="src\188BestTimeToBuyAndSellStocks4.h">
      <Filter>Header Files</Filter>
    </ClInclude>
    <ClInclude Include="src\309BestTimeToBuyAndSellStocksWithFreezePeriod.h">
      <Filter>Header Files</Filter>
    </ClInclude>
    <ClInclude Include="src\714BestTimeToBuyAndSellStocksWithCommission.h">
      <Filter>Header Files</Filter>
    </ClInclude>
    <ClInclude Include="src\300LongestIncreasingSubsequence.h">
      <Filter>Header Files</Filter>
    </ClInclude>
    <ClInclude Include="src\674LongestContinuousIncreasingSubsequence.h">
      <Filter>Header Files</Filter>
    </ClInclude>
    <ClInclude Include="src\718LongestCommonSubarray.h">
      <Filter>Header Files</Filter>
    </ClInclude>
    <ClInclude Include="src\1143LongestCommonSubsequence.h">
      <Filter>Header Files</Filter>
    </ClInclude>
    <ClInclude Include="src\1035NonIntersectingLines.h">
      <Filter>Header Files</Filter>
    </ClInclude>
    <ClInclude Include="src\53MaximumSumOfSubarray.h">
      <Filter>Header Files</Filter>
    </ClInclude>
    <ClInclude Include="src\392CheckSubsequence.h">
      <Filter>Header Files</Filter>
    </ClInclude>
    <ClInclude Include="src\115NumberOfSubsequences.h">
      <Filter>Header Files</Filter>
    </ClInclude>
    <ClInclude Include="src\583DeleteOperationOfTwoStrings.h">
      <Filter>Header Files</Filter>
    </ClInclude>
    <ClInclude Include="src\72LevenshteinDistance(EditDistance).h">
      <Filter>Header Files</Filter>
    </ClInclude>
    <ClInclude Include="src\647PalindromeSubstringh.h">
      <Filter>Header Files</Filter>
    </ClInclude>
    <ClInclude Include="src\516LongestPalindromeSubsequence.h">
      <Filter>Header Files</Filter>
    </ClInclude>
  </ItemGroup>
  <ItemGroup>
    <ClCompile Include="src\Main.cpp">
      <Filter>Source Files</Filter>
    </ClCompile>
  </ItemGroup>
</Project>