<?xml version="1.0" encoding="utf-8"?>
<Project ToolsVersion="4.0" xmlns="http://schemas.microsoft.com/developer/msbuild/2003">
  <ItemGroup>
    <Filter Include="Source Files">
      <UniqueIdentifier>{4FC737F1-C7A5-4376-A066-2A32D752A2FF}</UniqueIdentifier>
      <Extensions>cpp;c;cc;cxx;c++;cppm;ixx;def;odl;idl;hpj;bat;asm;asmx</Extensions>
    </Filter>
    <Filter Include="Header Files">
      <UniqueIdentifier>{93995380-89BD-4b04-88EB-625FBE52EBFB}</UniqueIdentifier>
      <Extensions>h;hh;hpp;hxx;h++;hm;inl;inc;ipp;xsd</Extensions>
    </Filter>
    <Filter Include="Resource Files">
      <UniqueIdentifier>{67DA6AB6-F800-4c08-8B7A-83BB121AAD01}</UniqueIdentifier>
      <Extensions>rc;ico;cur;bmp;dlg;rc2;rct;bin;rgs;gif;jpg;jpeg;jpe;resx;tiff;tif;png;wav;mfcribbon-ms</Extensions>
    </Filter>
  </ItemGroup>
  <ItemGroup>
    <ClInclude Include="src\455SendCookies.h">
      <Filter>Header Files</Filter>
    </ClInclude>
    <ClInclude Include="src\376SwingingSequence.h">
      <Filter>Header Files</Filter>
    </ClInclude>
    <ClInclude Include="src\53MaxSumOfSubsequence.h">
      <Filter>Header Files</Filter>
    </ClInclude>
    <ClInclude Include="src\122BestTimeToBuyAndSellStocks2.h">
      <Filter>Header Files</Filter>
    </ClInclude>
    <ClInclude Include="src\55JumpingGame.h">
      <Filter>Header Files</Filter>
    </ClInclude>
    <ClInclude Include="src\45JumpingGame2.h">
      <Filter>Header Files</Filter>
    </ClInclude>
    <ClInclude Include="src\1005MaxSumAfterKTimesOfInversion.h">
      <Filter>Header Files</Filter>
    </ClInclude>
    <ClInclude Include="src\134GasStation.h">
      <Filter>Header Files</Filter>
    </ClInclude>
    <ClInclude Include="src\135DistributeCandies.h">
      <Filter>Header Files</Filter>
    </ClInclude>
    <ClInclude Include="src\860LemonadeChange.h">
      <Filter>Header Files</Filter>
    </ClInclude>
    <ClInclude Include="src\406ReconstructQueueBasedOnHeights.h">
      <Filter>Header Files</Filter>
    </ClInclude>
    <ClInclude Include="src\452IgniteTheBallonsWithTheMinimumNumberOfArrows.h">
      <Filter>Header Files</Filter>
    </ClInclude>
    <ClInclude Include="src\435NoOverlappingInervals.h">
      <Filter>Header Files</Filter>
    </ClInclude>
    <ClInclude Include="src\763DivideLetterIntervals.h">
      <Filter>Header Files</Filter>
    </ClInclude>
    <ClInclude Include="src\56CombineIntervals.h">
      <Filter>Header Files</Filter>
    </ClInclude>
    <ClInclude Include="src\738MonotonicallyAscendingNumbers.h">
      <Filter>Header Files</Filter>
    </ClInclude>
    <ClInclude Include="src\968MonitorBinaryTree.h">
      <Filter>Header Files</Filter>
    </ClInclude>
  </ItemGroup>
  <ItemGroup>
    <ClCompile Include="src\Main.cpp">
      <Filter>Source Files</Filter>
    </ClCompile>
  </ItemGroup>
</Project>